
Microsoft Visual Studio Solution File, Format Version 12.00
# Visual Studio 15
Project("{FAE04EC0-301F-11D3-BF4B-00C04F79EFBC}") = "Noesis.NoesisGUI", "Noesis.NoesisGUI.csproj", "{68BCFDD2-82B6-1F51-66B5-D10CFCDE6482}"
EndProject
Project("{FAE04EC0-301F-11D3-BF4B-00C04F79EFBC}") = "Noesis.NoesisGUI.Editor", "Noesis.NoesisGUI.Editor.csproj", "{B799F834-882D-ABA3-B7E9-C59A1E0E9C0A}"
EndProject
Project("{FAE04EC0-301F-11D3-BF4B-00C04F79EFBC}") = "Assembly-CSharp", "Assembly-CSharp.csproj", "{DB927D9A-23BB-2371-08A5-EA0EA8675A9E}"
EndProject
Global
	GlobalSection(SolutionConfigurationPlatforms) = preSolution
		Debug|Any CPU = Debug|Any CPU
		Release|Any CPU = Release|Any CPU
	EndGlobalSection
	GlobalSection(ProjectConfigurationPlatforms) = postSolution
		{68BCFDD2-82B6-1F51-66B5-D10CFCDE6482}.Debug|Any CPU.ActiveCfg = Debug|Any CPU
		{68BCFDD2-82B6-1F51-66B5-D10CFCDE6482}.Debug|Any CPU.Build.0 = Debug|Any CPU
		{68BCFDD2-82B6-1F51-66B5-D10CFCDE6482}.Release|Any CPU.ActiveCfg = Release|Any CPU
		{68BCFDD2-82B6-1F51-66B5-D10CFCDE6482}.Release|Any CPU.Build.0 = Release|Any CPU
		{B799F834-882D-ABA3-B7E9-C59A1E0E9C0A}.Debug|Any CPU.ActiveCfg = Debug|Any CPU
		{B799F834-882D-ABA3-B7E9-C59A1E0E9C0A}.Debug|Any CPU.Build.0 = Debug|Any CPU
		{B799F834-882D-ABA3-B7E9-C59A1E0E9C0A}.Release|Any CPU.ActiveCfg = Release|Any CPU
		{B799F834-882D-ABA3-B7E9-C59A1E0E9C0A}.Release|Any CPU.Build.0 = Release|Any CPU
		{DB927D9A-23BB-2371-08A5-EA0EA8675A9E}.Debug|Any CPU.ActiveCfg = Debug|Any CPU
		{DB927D9A-23BB-2371-08A5-EA0EA8675A9E}.Debug|Any CPU.Build.0 = Debug|Any CPU
		{DB927D9A-23BB-2371-08A5-EA0EA8675A9E}.Release|Any CPU.ActiveCfg = Release|Any CPU
		{DB927D9A-23BB-2371-08A5-EA0EA8675A9E}.Release|Any CPU.Build.0 = Release|Any CPU
	EndGlobalSection
	GlobalSection(SolutionProperties) = preSolution
		HideSolutionNode = FALSE
	EndGlobalSection
EndGlobal
